
Microsoft Visual Studio Solution File, Format Version 12.00
# Visual Studio 2013
VisualStudioVersion = 12.0.40121.0
MinimumVisualStudioVersion = 10.0.40219.1
Project("{FAE04EC0-301F-11D3-BF4B-00C04F79EFBC}") = "AspNetMVCIdentity", "AspNetMVCIdentity\AspNetMVCIdentity.csproj", "{B93FBC31-B2BB-40AA-89AD-434B732CDACE}"
EndProject
Global
	GlobalSection(SolutionConfigurationPlatforms) = preSolution
		Debug|Any CPU = Debug|Any CPU
		Release|Any CPU = Release|Any CPU
	EndGlobalSection
	GlobalSection(ProjectConfigurationPlatforms) = postSolution
		{B93FBC31-B2BB-40AA-89AD-434B732CDACE}.Debug|Any CPU.ActiveCfg = Debug|Any CPU
		{B93FBC31-B2BB-40AA-89AD-434B732CDACE}.Debug|Any CPU.Build.0 = Debug|Any CPU
		{B93FBC31-B2BB-40AA-89AD-434B732CDACE}.Release|Any CPU.ActiveCfg = Release|Any CPU
		{B93FBC31-B2BB-40AA-89AD-434B732CDACE}.Release|Any CPU.Build.0 = Release|Any CPU
	EndGlobalSection
	GlobalSection(SolutionProperties) = preSolution
		HideSolutionNode = FALSE
	EndGlobalSection
EndGlobal
